
Microsoft Visual Studio Solution File, Format Version 12.00
# Visual Studio 2012
Project("{FAE04EC0-301F-11D3-BF4B-00C04F79EFBC}") = "ScriptEngine", "ScriptEngine\ScriptEngine.csproj", "{ED7538BF-8634-471F-AD45-508739583787}"
EndProject
Global
	GlobalSection(SolutionConfigurationPlatforms) = preSolution
		Debug|Any CPU = Debug|Any CPU
		Release|Any CPU = Release|Any CPU
	EndGlobalSection
	GlobalSection(ProjectConfigurationPlatforms) = postSolution
		{ED7538BF-8634-471F-AD45-508739583787}.Debug|Any CPU.ActiveCfg = Debug|Any CPU
		{ED7538BF-8634-471F-AD45-508739583787}.Debug|Any CPU.Build.0 = Debug|Any CPU
		{ED7538BF-8634-471F-AD45-508739583787}.Release|Any CPU.ActiveCfg = Release|Any CPU
		{ED7538BF-8634-471F-AD45-508739583787}.Release|Any CPU.Build.0 = Release|Any CPU
	EndGlobalSection
	GlobalSection(SolutionProperties) = preSolution
		HideSolutionNode = FALSE
	EndGlobalSection
EndGlobal
